
Microsoft Visual Studio Solution File, Format Version 12.00
# Visual Studio Version 16
VisualStudioVersion = 16.0.30717.126
MinimumVisualStudioVersion = 10.0.40219.1
Project("{FAE04EC0-301F-11D3-BF4B-00C04F79EFBC}") = "PatternsHomework", "PatternsHomework\PatternsHomework.csproj", "{2025B3C0-21CE-4DD2-BACC-FC4BBBF2A512}"
EndProject
Global
	GlobalSection(SolutionConfigurationPlatforms) = preSolution
		Debug|Any CPU = Debug|Any CPU
		Release|Any CPU = Release|Any CPU
	EndGlobalSection
	GlobalSection(ProjectConfigurationPlatforms) = postSolution
		{2025B3C0-21CE-4DD2-BACC-FC4BBBF2A512}.Debug|Any CPU.ActiveCfg = Debug|Any CPU
		{2025B3C0-21CE-4DD2-BACC-FC4BBBF2A512}.Debug|Any CPU.Build.0 = Debug|Any CPU
		{2025B3C0-21CE-4DD2-BACC-FC4BBBF2A512}.Release|Any CPU.ActiveCfg = Release|Any CPU
		{2025B3C0-21CE-4DD2-BACC-FC4BBBF2A512}.Release|Any CPU.Build.0 = Release|Any CPU
	EndGlobalSection
	GlobalSection(SolutionProperties) = preSolution
		HideSolutionNode = FALSE
	EndGlobalSection
	GlobalSection(ExtensibilityGlobals) = postSolution
		SolutionGuid = {E50550CE-747D-40BA-BC5D-DBC19A8EA636}
	EndGlobalSection
EndGlobal
